{
  "version": 1,
  "dependencies": {
    "net6.0": {
      "EasyDesk.CleanArchitecture.Domain": {
        "type": "Direct",
        "requested": "[0.36.1, )",
        "resolved": "0.36.1",
        "contentHash": "ttZL+sbgHXwCIjuUi0MRmopOniZHTRIxFPp9v9MeYjgqRAJMLv/YQTioZGCHHABrOT+aQW4axKOf1mj7Y0ssog==",
        "dependencies": {
          "EasyDesk.Tools": "5.1.0"
        }
      },
      "StyleCop.Analyzers": {
        "type": "Direct",
        "requested": "[1.2.0-beta.354, )",
        "resolved": "1.2.0-beta.354",
        "contentHash": "oDSJNxnEvIzAQTkpkc/FnJP4dQ7TV6fHMsI+2ckU5DOaMiwiEfh1fawMsSqz2bCoNwbTt9lS6MgYvyVKujNJoA==",
        "dependencies": {
          "StyleCop.Analyzers.Unstable": "1.2.0.354"
        }
      },
      "EasyDesk.Tools": {
        "type": "Transitive",
        "resolved": "5.1.0",
        "contentHash": "Z2/jbezBxS9d0WihrINdTDD7IGs97GB+xUeQGgH7dIkQ6DeEndgcCBGNofgSG+qgUPmE52LcqijsNROLzmlezg=="
      },
      "StyleCop.Analyzers.Unstable": {
        "type": "Transitive",
        "resolved": "1.2.0.354",
        "contentHash": "/3RlM31XbJ02gaWh7dVumWOyMvGHswb/zygGJXd9oEJMRyyYc/HFJlAC5gBPxvi9cB4CMvIyyUTmZz5VLKwTvg=="
      }
    }
  }
}